// !$*UTF8*$!
{
	archiveVersion = 1;
	classes = {
	};
	objectVersion = 55;
	objects = {

/* Begin PBXBuildFile section */
		5CFFFEB328A66B6A00A9F8CE /* AppDelegate.swift in Sources */ = {isa = PBXBuildFile; fileRef = 5CFFFEB228A66B6A00A9F8CE /* AppDelegate.swift */; };
		5CFFFEB528A66B6A00A9F8CE /* SceneDelegate.swift in Sources */ = {isa = PBXBuildFile; fileRef = 5CFFFEB428A66B6A00A9F8CE /* SceneDelegate.swift */; };
		5CFFFEB728A66B6A00A9F8CE /* LoginViewController.swift in Sources */ = {isa = PBXBuildFile; fileRef = 5CFFFEB628A66B6A00A9F8CE /* LoginViewController.swift */; };
		5CFFFEBC28A66B6C00A9F8CE /* Assets.xcassets in Resources */ = {isa = PBXBuildFile; fileRef = 5CFFFEBB28A66B6C00A9F8CE /* Assets.xcassets */; };
		5CFFFEBF28A66B6C00A9F8CE /* LaunchScreen.storyboard in Resources */ = {isa = PBXBuildFile; fileRef = 5CFFFEBD28A66B6C00A9F8CE /* LaunchScreen.storyboard */; };
		5CFFFEC728A681F200A9F8CE /* WelcomeViewController.swift in Sources */ = {isa = PBXBuildFile; fileRef = 5CFFFEC628A681F200A9F8CE /* WelcomeViewController.swift */; };
		5CFFFECB28A69B7F00A9F8CE /* LoginVC+Layout.swift in Sources */ = {isa = PBXBuildFile; fileRef = 5CFFFECA28A69B7F00A9F8CE /* LoginVC+Layout.swift */; };
		5CFFFECD28A69CFC00A9F8CE /* WelcomeVC+Layout.swift in Sources */ = {isa = PBXBuildFile; fileRef = 5CFFFECC28A69CFC00A9F8CE /* WelcomeVC+Layout.swift */; };
/* End PBXBuildFile section */

/* Begin PBXFileReference section */
		5CFFFEAF28A66B6A00A9F8CE /* SwiftBookLoginApp.app */ = {isa = PBXFileReference; explicitFileType = wrapper.application; includeInIndex = 0; path = SwiftBookLoginApp.app; sourceTree = BUILT_PRODUCTS_DIR; };
		5CFFFEB228A66B6A00A9F8CE /* AppDelegate.swift */ = {isa = PBXFileReference; lastKnownFileType = sourcecode.swift; path = AppDelegate.swift; sourceTree = "<group>"; };
		5CFFFEB428A66B6A00A9F8CE /* SceneDelegate.swift */ = {isa = PBXFileReference; lastKnownFileType = sourcecode.swift; path = SceneDelegate.swift; sourceTree = "<group>"; };
		5CFFFEB628A66B6A00A9F8CE /* LoginViewController.swift */ = {isa = PBXFileReference; lastKnownFileType = sourcecode.swift; path = LoginViewController.swift; sourceTree = "<group>"; };
		5CFFFEBB28A66B6C00A9F8CE /* Assets.xcassets */ = {isa = PBXFileReference; lastKnownFileType = folder.assetcatalog; path = Assets.xcassets; sourceTree = "<group>"; };
		5CFFFEBE28A66B6C00A9F8CE /* Base */ = {isa = PBXFileReference; lastKnownFileType = file.storyboard; name = Base; path = Base.lproj/LaunchScreen.storyboard; sourceTree = "<group>"; };
		5CFFFEC028A66B6C00A9F8CE /* Info.plist */ = {isa = PBXFileReference; lastKnownFileType = text.plist.xml; path = Info.plist; sourceTree = "<group>"; };
		5CFFFEC628A681F200A9F8CE /* WelcomeViewController.swift */ = {isa = PBXFileReference; lastKnownFileType = sourcecode.swift; path = WelcomeViewController.swift; sourceTree = "<group>"; };
		5CFFFECA28A69B7F00A9F8CE /* LoginVC+Layout.swift */ = {isa = PBXFileReference; lastKnownFileType = sourcecode.swift; path = "LoginVC+Layout.swift"; sourceTree = "<group>"; };
		5CFFFECC28A69CFC00A9F8CE /* WelcomeVC+Layout.swift */ = {isa = PBXFileReference; lastKnownFileType = sourcecode.swift; path = "WelcomeVC+Layout.swift"; sourceTree = "<group>"; };
/* End PBXFileReference section */

/* Begin PBXFrameworksBuildPhase section */
		5CFFFEAC28A66B6A00A9F8CE /* Frameworks */ = {
			isa = PBXFrameworksBuildPhase;
			buildActionMask = 2147483647;
			files = (
			);
			runOnlyForDeploymentPostprocessing = 0;
		};
/* End PBXFrameworksBuildPhase section */

/* Begin PBXGroup section */
		5CFFFEA628A66B6A00A9F8CE = {
			isa = PBXGroup;
			children = (
				5CFFFEB128A66B6A00A9F8CE /* SwiftBookLoginApp */,
				5CFFFEB028A66B6A00A9F8CE /* Products */,
			);
			sourceTree = "<group>";
		};
		5CFFFEB028A66B6A00A9F8CE /* Products */ = {
			isa = PBXGroup;
			children = (
				5CFFFEAF28A66B6A00A9F8CE /* SwiftBookLoginApp.app */,
			);
			name = Products;
			sourceTree = "<group>";
		};
		5CFFFEB128A66B6A00A9F8CE /* SwiftBookLoginApp */ = {
			isa = PBXGroup;
			children = (
				5CFFFEB228A66B6A00A9F8CE /* AppDelegate.swift */,
				5CFFFEB428A66B6A00A9F8CE /* SceneDelegate.swift */,
				5CFFFEB628A66B6A00A9F8CE /* LoginViewController.swift */,
				5CFFFECA28A69B7F00A9F8CE /* LoginVC+Layout.swift */,
				5CFFFEC628A681F200A9F8CE /* WelcomeViewController.swift */,
				5CFFFECC28A69CFC00A9F8CE /* WelcomeVC+Layout.swift */,
				5CFFFEBB28A66B6C00A9F8CE /* Assets.xcassets */,
				5CFFFEBD28A66B6C00A9F8CE /* LaunchScreen.storyboard */,
				5CFFFEC028A66B6C00A9F8CE /* Info.plist */,
			);
			path = SwiftBookLoginApp;
			sourceTree = "<group>";
		};
/* End PBXGroup section */

/* Begin PBXNativeTarget section */
		5CFFFEAE28A66B6A00A9F8CE /* SwiftBookLoginApp */ = {
			isa = PBXNativeTarget;
			buildConfigurationList = 5CFFFEC328A66B6C00A9F8CE /* Build configuration list for PBXNativeTarget "SwiftBookLoginApp" */;
			buildPhases = (
				5CFFFEAB28A66B6A00A9F8CE /* Sources */,
				5CFFFEAC28A66B6A00A9F8CE /* Frameworks */,
				5CFFFEAD28A66B6A00A9F8CE /* Resources */,
			);
			buildRules = (
			);
			dependencies = (
			);
			name = SwiftBookLoginApp;
			productName = SwiftBookLoginApp;
			productReference = 5CFFFEAF28A66B6A00A9F8CE /* SwiftBookLoginApp.app */;
			productType = "com.apple.product-type.application";
		};
/* End PBXNativeTarget section */

/* Begin PBXProject section */
		5CFFFEA728A66B6A00A9F8CE /* Project object */ = {
			isa = PBXProject;
			attributes = {
				BuildIndependentTargetsInParallel = 1;
				LastSwiftUpdateCheck = 1340;
				LastUpgradeCheck = 1340;
				TargetAttributes = {
					5CFFFEAE28A66B6A00A9F8CE = {
						CreatedOnToolsVersion = 13.4.1;
					};
				};
			};
			buildConfigurationList = 5CFFFEAA28A66B6A00A9F8CE /* Build configuration list for PBXProject "SwiftBookLoginApp" */;
			compatibilityVersion = "Xcode 13.0";
			developmentRegion = en;
			hasScannedForEncodings = 0;
			knownRegions = (
				en,
				Base,
			);
			mainGroup = 5CFFFEA628A66B6A00A9F8CE;
			productRefGroup = 5CFFFEB028A66B6A00A9F8CE /* Products */;
			projectDirPath = "";
			projectRoot = "";
			targets = (
				5CFFFEAE28A66B6A00A9F8CE /* SwiftBookLoginApp */,
			);
		};
/* End PBXProject section */

/* Begin PBXResourcesBuildPhase section */
		5CFFFEAD28A66B6A00A9F8CE /* Resources */ = {
			isa = PBXResourcesBuildPhase;
			buildActionMask = 2147483647;
			files = (
				5CFFFEBF28A66B6C00A9F8CE /* LaunchScreen.storyboard in Resources */,
				5CFFFEBC28A66B6C00A9F8CE /* Assets.xcassets in Resources */,
			);
			runOnlyForDeploymentPostprocessing = 0;
		};
/* End PBXResourcesBuildPhase section */

/* Begin PBXSourcesBuildPhase section */
		5CFFFEAB28A66B6A00A9F8CE /* Sources */ = {
			isa = PBXSourcesBuildPhase;
			buildActionMask = 2147483647;
			files = (
				5CFFFEB728A66B6A00A9F8CE /* LoginViewController.swift in Sources */,
				5CFFFECB28A69B7F00A9F8CE /* LoginVC+Layout.swift in Sources */,
				5CFFFEC728A681F200A9F8CE /* WelcomeViewController.swift in Sources */,
				5CFFFECD28A69CFC00A9F8CE /* WelcomeVC+Layout.swift in Sources */,
				5CFFFEB328A66B6A00A9F8CE /* AppDelegate.swift in Sources */,
				5CFFFEB528A66B6A00A9F8CE /* SceneDelegate.swift in Sources */,
			);
			runOnlyForDeploymentPostprocessing = 0;
		};
/* End PBXSourcesBuildPhase section */

/* Begin PBXVariantGroup section */
		5CFFFEBD28A66B6C00A9F8CE /* LaunchScreen.storyboard */ = {
			isa = PBXVariantGroup;
			children = (
				5CFFFEBE28A66B6C00A9F8CE /* Base */,
			);
			name = LaunchScreen.storyboard;
			sourceTree = "<group>";
		};
/* End PBXVariantGroup section */

/* Begin XCBuildConfiguration section */
		5CFFFEC128A66B6C00A9F8CE /* Debug */ = {
			isa = XCBuildConfiguration;
			buildSettings = {
				ALWAYS_SEARCH_USER_PATHS = NO;
				CLANG_ANALYZER_NONNULL = YES;
				CLANG_ANALYZER_NUMBER_OBJECT_CONVERSION = YES_AGGRESSIVE;
				CLANG_CXX_LANGUAGE_STANDARD = "gnu++17";
				CLANG_ENABLE_MODULES = YES;
				CLANG_ENABLE_OBJC_ARC = YES;
				CLANG_ENABLE_OBJC_WEAK = YES;
				CLANG_WARN_BLOCK_CAPTURE_AUTORELEASING = YES;
				CLANG_WARN_BOOL_CONVERSION = YES;
				CLANG_WARN_COMMA = YES;
				CLANG_WARN_CONSTANT_CONVERSION = YES;
				CLANG_WARN_DEPRECATED_OBJC_IMPLEMENTATIONS = YES;
				CLANG_WARN_DIRECT_OBJC_ISA_USAGE = YES_ERROR;
				CLANG_WARN_DOCUMENTATION_COMMENTS = YES;
				CLANG_WARN_EMPTY_BODY = YES;
				CLANG_WARN_ENUM_CONVERSION = YES;
				CLANG_WARN_INFINITE_RECURSION = YES;
				CLANG_WARN_INT_CONVERSION = YES;
				CLANG_WARN_NON_LITERAL_NULL_CONVERSION = YES;
				CLANG_WARN_OBJC_IMPLICIT_RETAIN_SELF = YES;
				CLANG_WARN_OBJC_LITERAL_CONVERSION = YES;
				CLANG_WARN_OBJC_ROOT_CLASS = YES_ERROR;
				CLANG_WARN_QUOTED_INCLUDE_IN_FRAMEWORK_HEADER = YES;
				CLANG_WARN_RANGE_LOOP_ANALYSIS = YES;
				CLANG_WARN_STRICT_PROTOTYPES = YES;
				CLANG_WARN_SUSPICIOUS_MOVE = YES;
				CLANG_WARN_UNGUARDED_AVAILABILITY = YES_AGGRESSIVE;
				CLANG_WARN_UNREACHABLE_CODE = YES;
				CLANG_WARN__DUPLICATE_METHOD_MATCH = YES;
				COPY_PHASE_STRIP = NO;
				DEBUG_INFORMATION_FORMAT = dwarf;
				ENABLE_STRICT_OBJC_MSGSEND = YES;
				ENABLE_TESTABILITY = YES;
				GCC_C_LANGUAGE_STANDARD = gnu11;
				GCC_DYNAMIC_NO_PIC = NO;
				GCC_NO_COMMON_BLOCKS = YES;
				GCC_OPTIMIZATION_LEVEL = 0;
				GCC_PREPROCESSOR_DEFINITIONS = (
					"DEBUG=1",
					"$(inherited)",
				);
				GCC_WARN_64_TO_32_BIT_CONVERSION = YES;
				GCC_WARN_ABOUT_RETURN_TYPE = YES_ERROR;
				GCC_WARN_UNDECLARED_SELECTOR = YES;
				GCC_WARN_UNINITIALIZED_AUTOS = YES_AGGRESSIVE;
				GCC_WARN_UNUSED_FUNCTION = YES;
				GCC_WARN_UNUSED_VARIABLE = YES;
				IPHONEOS_DEPLOYMENT_TARGET = 15.5;
				MTL_ENABLE_DEBUG_INFO = INCLUDE_SOURCE;
				MTL_FAST_MATH = YES;
				ONLY_ACTIVE_ARCH = YES;
				SDKROOT = iphoneos;
				SWIFT_ACTIVE_COMPILATION_CONDITIONS = DEBUG;
				SWIFT_OPTIMIZATION_LEVEL = "-Onone";
			};
			name = Debug;
		};
		5CFFFEC228A66B6C00A9F8CE /* Release */ = {
			isa = XCBuildConfiguration;
			buildSettings = {
				ALWAYS_SEARCH_USER_PATHS = NO;
				CLANG_ANALYZER_NONNULL = YES;
				CLANG_ANALYZER_NUMBER_OBJECT_CONVERSION = YES_AGGRESSIVE;
				CLANG_CXX_LANGUAGE_STANDARD = "gnu++17";
				CLANG_ENABLE_MODULES = YES;
				CLANG_ENABLE_OBJC_ARC = YES;
				CLANG_ENABLE_OBJC_WEAK = YES;
				CLANG_WARN_BLOCK_CAPTURE_AUTORELEASING = YES;
				CLANG_WARN_BOOL_CONVERSION = YES;
				CLANG_WARN_COMMA = YES;
				CLANG_WARN_CONSTANT_CONVERSION = YES;
				CLANG_WARN_DEPRECATED_OBJC_IMPLEMENTATIONS = YES;
				CLANG_WARN_DIRECT_OBJC_ISA_USAGE = YES_ERROR;
				CLANG_WARN_DOCUMENTATION_COMMENTS = YES;
				CLANG_WARN_EMPTY_BODY = YES;
				CLANG_WARN_ENUM_CONVERSION = YES;
				CLANG_WARN_INFINITE_RECURSION = YES;
				CLANG_WARN_INT_CONVERSION = YES;
				CLANG_WARN_NON_LITERAL_NULL_CONVERSION = YES;
				CLANG_WARN_OBJC_IMPLICIT_RETAIN_SELF = YES;
				CLANG_WARN_OBJC_LITERAL_CONVERSION = YES;
				CLANG_WARN_OBJC_ROOT_CLASS = YES_ERROR;
				CLANG_WARN_QUOTED_INCLUDE_IN_FRAMEWORK_HEADER = YES;
				CLANG_WARN_RANGE_LOOP_ANALYSIS = YES;
				CLANG_WARN_STRICT_PROTOTYPES = YES;
				CLANG_WARN_SUSPICIOUS_MOVE = YES;
				CLANG_WARN_UNGUARDED_AVAILABILITY = YES_AGGRESSIVE;
				CLANG_WARN_UNREACHABLE_CODE = YES;
				CLANG_WARN__DUPLICATE_METHOD_MATCH = YES;
				COPY_PHASE_STRIP = NO;
				DEBUG_INFORMATION_FORMAT = "dwarf-with-dsym";
				ENABLE_NS_ASSERTIONS = NO;
				ENABLE_STRICT_OBJC_MSGSEND = YES;
				GCC_C_LANGUAGE_STANDARD = gnu11;
				GCC_NO_COMMON_BLOCKS = YES;
				GCC_WARN_64_TO_32_BIT_CONVERSION = YES;
				GCC_WARN_ABOUT_RETURN_TYPE = YES_ERROR;
				GCC_WARN_UNDECLARED_SELECTOR = YES;
				GCC_WARN_UNINITIALIZED_AUTOS = YES_AGGRESSIVE;
				GCC_WARN_UNUSED_FUNCTION = YES;
				GCC_WARN_UNUSED_VARIABLE = YES;
				IPHONEOS_DEPLOYMENT_TARGET = 15.5;
				MTL_ENABLE_DEBUG_INFO = NO;
				MTL_FAST_MATH = YES;
				SDKROOT = iphoneos;
				SWIFT_COMPILATION_MODE = wholemodule;
				SWIFT_OPTIMIZATION_LEVEL = "-O";
				VALIDATE_PRODUCT = YES;
			};
			name = Release;
		};
		5CFFFEC428A66B6C00A9F8CE /* Debug */ = {
			isa = XCBuildConfiguration;
			buildSettings = {
				ASSETCATALOG_COMPILER_APPICON_NAME = AppIcon;
				ASSETCATALOG_COMPILER_GLOBAL_ACCENT_COLOR_NAME = AccentColor;
				CODE_SIGN_STYLE = Automatic;
				CURRENT_PROJECT_VERSION = 1;
				DEVELOPMENT_TEAM = 34LPHPDCF6;
				GENERATE_INFOPLIST_FILE = YES;
				INFOPLIST_FILE = SwiftBookLoginApp/Info.plist;
				INFOPLIST_KEY_UIApplicationSupportsIndirectInputEvents = YES;
				INFOPLIST_KEY_UILaunchStoryboardName = LaunchScreen;
				INFOPLIST_KEY_UISupportedInterfaceOrientations = UIInterfaceOrientationPortrait;
				INFOPLIST_KEY_UISupportedInterfaceOrientations_iPad = "UIInterfaceOrientationPortrait UIInterfaceOrientationPortraitUpsideDown UIInterfaceOrientationLandscapeLeft UIInterfaceOrientationLandscapeRight";
				INFOPLIST_KEY_UISupportedInterfaceOrientations_iPhone = "UIInterfaceOrientationPortrait UIInterfaceOrientationLandscapeLeft UIInterfaceOrientationLandscapeRight";
				LD_RUNPATH_SEARCH_PATHS = (
					"$(inherited)",
					"@executable_path/Frameworks",
				);
				MARKETING_VERSION = 1.0;
				PRODUCT_BUNDLE_IDENTIFIER = com.daniyar.SwiftBookLoginApp;
				PRODUCT_NAME = "$(TARGET_NAME)";
				SWIFT_EMIT_LOC_STRINGS = YES;
				SWIFT_VERSION = 5.0;
				TARGETED_DEVICE_FAMILY = "1,2";
			};
			name = Debug;
		};
		5CFFFEC528A66B6C00A9F8CE /* Release */ = {
			isa = XCBuildConfiguration;
			buildSettings = {
				ASSETCATALOG_COMPILER_APPICON_NAME = AppIcon;
				ASSETCATALOG_COMPILER_GLOBAL_ACCENT_COLOR_NAME = AccentColor;
				CODE_SIGN_STYLE = Automatic;
				CURRENT_PROJECT_VERSION = 1;
				DEVELOPMENT_TEAM = 34LPHPDCF6;
				GENERATE_INFOPLIST_FILE = YES;
				INFOPLIST_FILE = SwiftBookLoginApp/Info.plist;
				INFOPLIST_KEY_UIApplicationSupportsIndirectInputEvents = YES;
				INFOPLIST_KEY_UILaunchStoryboardName = LaunchScreen;
				INFOPLIST_KEY_UISupportedInterfaceOrientations = UIInterfaceOrientationPortrait;
				INFOPLIST_KEY_UISupportedInterfaceOrientations_iPad = "UIInterfaceOrientationPortrait UIInterfaceOrientationPortraitUpsideDown UIInterfaceOrientationLandscapeLeft UIInterfaceOrientationLandscapeRight";
				INFOPLIST_KEY_UISupportedInterfaceOrientations_iPhone = "UIInterfaceOrientationPortrait UIInterfaceOrientationLandscapeLeft UIInterfaceOrientationLandscapeRight";
				LD_RUNPATH_SEARCH_PATHS = (
					"$(inherited)",
					"@executable_path/Frameworks",
				);
				MARKETING_VERSION = 1.0;
				PRODUCT_BUNDLE_IDENTIFIER = com.daniyar.SwiftBookLoginApp;
				PRODUCT_NAME = "$(TARGET_NAME)";
				SWIFT_EMIT_LOC_STRINGS = YES;
				SWIFT_VERSION = 5.0;
				TARGETED_DEVICE_FAMILY = "1,2";
			};
			name = Release;
		};
/* End XCBuildConfiguration section */

/* Begin XCConfigurationList section */
		5CFFFEAA28A66B6A00A9F8CE /* Build configuration list for PBXProject "SwiftBookLoginApp" */ = {
			isa = XCConfigurationList;
			buildConfigurations = (
				5CFFFEC128A66B6C00A9F8CE /* Debug */,
				5CFFFEC228A66B6C00A9F8CE /* Release */,
			);
			defaultConfigurationIsVisible = 0;
			defaultConfigurationName = Release;
		};
		5CFFFEC328A66B6C00A9F8CE /* Build configuration list for PBXNativeTarget "SwiftBookLoginApp" */ = {
			isa = XCConfigurationList;
			buildConfigurations = (
				5CFFFEC428A66B6C00A9F8CE /* Debug */,
				5CFFFEC528A66B6C00A9F8CE /* Release */,
			);
			defaultConfigurationIsVisible = 0;
			defaultConfigurationName = Release;
		};
/* End XCConfigurationList section */
	};
	rootObject = 5CFFFEA728A66B6A00A9F8CE /* Project object */;
}
